
Microsoft Visual Studio Solution File, Format Version 12.00
# Visual Studio Version 17
VisualStudioVersion = 17.3.32922.545
MinimumVisualStudioVersion = 10.0.40219.1
Project("{9A19103F-16F7-4668-BE54-9A1E7A4F7556}") = "VolunteeringPlatform", "VolunteeringPlatform.csproj", "{2D7C3599-94FC-4453-8078-AAA5049E459B}"
EndProject
Global
	GlobalSection(SolutionConfigurationPlatforms) = preSolution
		Debug|Any CPU = Debug|Any CPU
		Release|Any CPU = Release|Any CPU
	EndGlobalSection
	GlobalSection(ProjectConfigurationPlatforms) = postSolution
		{2D7C3599-94FC-4453-8078-AAA5049E459B}.Debug|Any CPU.ActiveCfg = Debug|Any CPU
		{2D7C3599-94FC-4453-8078-AAA5049E459B}.Debug|Any CPU.Build.0 = Debug|Any CPU
		{2D7C3599-94FC-4453-8078-AAA5049E459B}.Release|Any CPU.ActiveCfg = Release|Any CPU
		{2D7C3599-94FC-4453-8078-AAA5049E459B}.Release|Any CPU.Build.0 = Release|Any CPU
	EndGlobalSection
	GlobalSection(SolutionProperties) = preSolution
		HideSolutionNode = FALSE
	EndGlobalSection
	GlobalSection(ExtensibilityGlobals) = postSolution
		SolutionGuid = {3C669846-6008-4A76-8395-5F55BFE78C22}
	EndGlobalSection
EndGlobal
